
Microsoft Visual Studio Solution File, Format Version 12.00
# Visual Studio Version 16
VisualStudioVersion = 16.0.31624.102
MinimumVisualStudioVersion = 10.0.40219.1
Project("{9A19103F-16F7-4668-BE54-9A1E7A4F7556}") = "WebApplication1", "WebApplication1.csproj", "{70EA5F2E-FED5-4681-94D3-76EE870178E5}"
EndProject
Project("{FAE04EC0-301F-11D3-BF4B-00C04F79EFBC}") = "Model", "..\Model\Model.csproj", "{9E5BE89F-C0A5-44BE-BF13-FAC12B92B972}"
EndProject
Project("{FAE04EC0-301F-11D3-BF4B-00C04F79EFBC}") = "Service", "..\Service\Service.csproj", "{87D42FD4-87A5-4159-997A-9FF3BC7C745A}"
EndProject
Global
	GlobalSection(SolutionConfigurationPlatforms) = preSolution
		Debug|Any CPU = Debug|Any CPU
		Release|Any CPU = Release|Any CPU
	EndGlobalSection
	GlobalSection(ProjectConfigurationPlatforms) = postSolution
		{70EA5F2E-FED5-4681-94D3-76EE870178E5}.Debug|Any CPU.ActiveCfg = Debug|Any CPU
		{70EA5F2E-FED5-4681-94D3-76EE870178E5}.Debug|Any CPU.Build.0 = Debug|Any CPU
		{70EA5F2E-FED5-4681-94D3-76EE870178E5}.Release|Any CPU.ActiveCfg = Release|Any CPU
		{70EA5F2E-FED5-4681-94D3-76EE870178E5}.Release|Any CPU.Build.0 = Release|Any CPU
		{9E5BE89F-C0A5-44BE-BF13-FAC12B92B972}.Debug|Any CPU.ActiveCfg = Debug|Any CPU
		{9E5BE89F-C0A5-44BE-BF13-FAC12B92B972}.Debug|Any CPU.Build.0 = Debug|Any CPU
		{9E5BE89F-C0A5-44BE-BF13-FAC12B92B972}.Release|Any CPU.ActiveCfg = Release|Any CPU
		{9E5BE89F-C0A5-44BE-BF13-FAC12B92B972}.Release|Any CPU.Build.0 = Release|Any CPU
		{87D42FD4-87A5-4159-997A-9FF3BC7C745A}.Debug|Any CPU.ActiveCfg = Debug|Any CPU
		{87D42FD4-87A5-4159-997A-9FF3BC7C745A}.Debug|Any CPU.Build.0 = Debug|Any CPU
		{87D42FD4-87A5-4159-997A-9FF3BC7C745A}.Release|Any CPU.ActiveCfg = Release|Any CPU
		{87D42FD4-87A5-4159-997A-9FF3BC7C745A}.Release|Any CPU.Build.0 = Release|Any CPU
	EndGlobalSection
	GlobalSection(SolutionProperties) = preSolution
		HideSolutionNode = FALSE
	EndGlobalSection
	GlobalSection(ExtensibilityGlobals) = postSolution
		SolutionGuid = {AA1CBAAE-212F-4C1A-92F7-FB30C5BDC640}
	EndGlobalSection
EndGlobal
